Microsoft Visual Studio Solution File, Format Version 11.00
# Visual Studio 2010
Project("{FAE04EC0-301F-11D3-BF4B-00C04F79EFBC}") = "ListViewLayout2010", "ListViewLayout\ListViewLayout2010.csproj", "{916A9879-3F2D-471F-AAFA-28F0C8A7FFA9}"
EndProject
Project("{FAE04EC0-301F-11D3-BF4B-00C04F79EFBC}") = "ListViewLayoutDemo2010", "ListViewLayoutDemo\ListViewLayoutDemo2010.csproj", "{409CEDC7-A43C-4B67-8199-C57C03D72644}"
EndProject
Global
	GlobalSection(SolutionConfigurationPlatforms) = preSolution
		Debug|Any CPU = Debug|Any CPU
		Release|Any CPU = Release|Any CPU
	EndGlobalSection
	GlobalSection(ProjectConfigurationPlatforms) = postSolution
		{916A9879-3F2D-471F-AAFA-28F0C8A7FFA9}.Debug|Any CPU.ActiveCfg = Debug|Any CPU
		{916A9879-3F2D-471F-AAFA-28F0C8A7FFA9}.Debug|Any CPU.Build.0 = Debug|Any CPU
		{916A9879-3F2D-471F-AAFA-28F0C8A7FFA9}.Release|Any CPU.ActiveCfg = Release|Any CPU
		{916A9879-3F2D-471F-AAFA-28F0C8A7FFA9}.Release|Any CPU.Build.0 = Release|Any CPU
		{409CEDC7-A43C-4B67-8199-C57C03D72644}.Debug|Any CPU.ActiveCfg = Debug|Any CPU
		{409CEDC7-A43C-4B67-8199-C57C03D72644}.Debug|Any CPU.Build.0 = Debug|Any CPU
		{409CEDC7-A43C-4B67-8199-C57C03D72644}.Release|Any CPU.ActiveCfg = Release|Any CPU
		{409CEDC7-A43C-4B67-8199-C57C03D72644}.Release|Any CPU.Build.0 = Release|Any CPU
	EndGlobalSection
	GlobalSection(SolutionProperties) = preSolution
		HideSolutionNode = FALSE
	EndGlobalSection
EndGlobal
